
Microsoft Visual Studio Solution File, Format Version 12.00
# Visual Studio Version 17
VisualStudioVersion = 17.8.34511.84
MinimumVisualStudioVersion = 10.0.40219.1
Project("{FAE04EC0-301F-11D3-BF4B-00C04F79EFBC}") = "ejercicio5Re", "ejercicio5Re\ejercicio5Re.csproj", "{127CED1D-7080-4601-A8B7-62881A506C1E}"
EndProject
Global
	GlobalSection(SolutionConfigurationPlatforms) = preSolution
		Debug|Any CPU = Debug|Any CPU
		Release|Any CPU = Release|Any CPU
	EndGlobalSection
	GlobalSection(ProjectConfigurationPlatforms) = postSolution
		{127CED1D-7080-4601-A8B7-62881A506C1E}.Debug|Any CPU.ActiveCfg = Debug|Any CPU
		{127CED1D-7080-4601-A8B7-62881A506C1E}.Debug|Any CPU.Build.0 = Debug|Any CPU
		{127CED1D-7080-4601-A8B7-62881A506C1E}.Release|Any CPU.ActiveCfg = Release|Any CPU
		{127CED1D-7080-4601-A8B7-62881A506C1E}.Release|Any CPU.Build.0 = Release|Any CPU
	EndGlobalSection
	GlobalSection(SolutionProperties) = preSolution
		HideSolutionNode = FALSE
	EndGlobalSection
	GlobalSection(ExtensibilityGlobals) = postSolution
		SolutionGuid = {EA8E4527-4821-45B4-98DB-9D7019D64821}
	EndGlobalSection
EndGlobal
